
Microsoft Visual Studio Solution File, Format Version 12.00
# Visual Studio 2013
VisualStudioVersion = 12.0.40629.0
MinimumVisualStudioVersion = 10.0.40219.1
Project("{8BC9CEB8-8B4A-11D0-8D11-00A0C91BC942}") = "OpencvPro", "OpencvPro\OpencvPro.vcxproj", "{1CA92614-6ECE-4C26-99C1-7E45026D46A3}"
EndProject
Global
	GlobalSection(SolutionConfigurationPlatforms) = preSolution
		Debug|Win32 = Debug|Win32
		Release|Win32 = Release|Win32
	EndGlobalSection
	GlobalSection(ProjectConfigurationPlatforms) = postSolution
		{1CA92614-6ECE-4C26-99C1-7E45026D46A3}.Debug|Win32.ActiveCfg = Debug|Win32
		{1CA92614-6ECE-4C26-99C1-7E45026D46A3}.Debug|Win32.Build.0 = Debug|Win32
		{1CA92614-6ECE-4C26-99C1-7E45026D46A3}.Release|Win32.ActiveCfg = Release|Win32
		{1CA92614-6ECE-4C26-99C1-7E45026D46A3}.Release|Win32.Build.0 = Release|Win32
	EndGlobalSection
	GlobalSection(SolutionProperties) = preSolution
		HideSolutionNode = FALSE
	EndGlobalSection
EndGlobal
